{
  "name": "scraper-patentes",
  "version": "1.4.1",
  "lockfileVersion": 3,
  "requires": true,
  "packages": {
    "": {
      "name": "scraper-patentes",
      "version": "1.4.1",
      "license": "MIT",
      "dependencies": {
        "@supabase/supabase-js": "^2.39.4",
        "axios": "^1.6.7",
        "cors": "^2.8.5",
        "dotenv": "^16.4.5",
        "express": "^4.18.2"
      }
    }
  },
  "dependencies": {
    "@supabase/supabase-js": {
      "version": "2.39.4",
      "resolved": "https://registry.npmjs.org/@supabase/supabase-js/-/supabase-js-2.39.4.tgz",
      "integrity": "sha512-xxxxxxxxxxxxxxxxxxxxxxxxxxxxxxxxxxxxxxxxxx",
      "requires": {}
    },
    "axios": {
      "version": "1.6.7",
      "resolved": "https://registry.npmjs.org/axios/-/axios-1.6.7.tgz",
      "integrity": "sha512-xxxxxxxxxxxxxxxxxxxxxxxxxxxxxxxxxxxxxxxxxx",
      "requires": {}
    },
    "cors": {
      "version": "2.8.5",
      "resolved": "https://registry.npmjs.org/cors/-/cors-2.8.5.tgz",
      "integrity": "sha512-xxxxxxxxxxxxxxxxxxxxxxxxxxxxxxxxxxxxxxxxxx",
      "requires": {}
    },
    "dotenv": {
      "version": "16.4.5",
      "resolved": "https://registry.npmjs.org/dotenv/-/dotenv-16.4.5.tgz",
      "integrity": "sha512-xxxxxxxxxxxxxxxxxxxxxxxxxxxxxxxxxxxxxxxxxx",
      "requires": {}
    },
    "express": {
      "version": "4.18.2",
      "resolved": "https://registry.npmjs.org/express/-/express-4.18.2.tgz",
      "integrity": "sha512-xxxxxxxxxxxxxxxxxxxxxxxxxxxxxxxxxxxxxxxxxx",
      "requires": {}
    }
  }
}
